
Microsoft Visual Studio Solution File, Format Version 12.00
# Visual Studio Version 17
VisualStudioVersion = 17.5.33516.290
MinimumVisualStudioVersion = 10.0.40219.1
Project("{FAE04EC0-301F-11D3-BF4B-00C04F79EFBC}") = "AutoChess", "AutoChess\AutoChess.csproj", "{AEB612EB-D0E7-4F55-B46D-E1630498FA29}"
EndProject
Global
	GlobalSection(SolutionConfigurationPlatforms) = preSolution
		Debug|Any CPU = Debug|Any CPU
		Release|Any CPU = Release|Any CPU
	EndGlobalSection
	GlobalSection(ProjectConfigurationPlatforms) = postSolution
		{AEB612EB-D0E7-4F55-B46D-E1630498FA29}.Debug|Any CPU.ActiveCfg = Debug|Any CPU
		{AEB612EB-D0E7-4F55-B46D-E1630498FA29}.Debug|Any CPU.Build.0 = Debug|Any CPU
		{AEB612EB-D0E7-4F55-B46D-E1630498FA29}.Release|Any CPU.ActiveCfg = Release|Any CPU
		{AEB612EB-D0E7-4F55-B46D-E1630498FA29}.Release|Any CPU.Build.0 = Release|Any CPU
	EndGlobalSection
	GlobalSection(SolutionProperties) = preSolution
		HideSolutionNode = FALSE
	EndGlobalSection
	GlobalSection(ExtensibilityGlobals) = postSolution
		SolutionGuid = {9BA5357A-D0FA-4E5D-B4CD-2A0C1119BA37}
	EndGlobalSection
EndGlobal
